
Microsoft Visual Studio Solution File, Format Version 12.00
# Visual Studio Version 17
VisualStudioVersion = 17.4.33213.308
MinimumVisualStudioVersion = 10.0.40219.1
Project("{2150E333-8FDC-42A3-9474-1A3956D46DE8}") = "src", "src", "{320B47A0-5EB8-4B6E-8C84-90633A1849CA}"
EndProject
Project("{9A19103F-16F7-4668-BE54-9A1E7A4F7556}") = "Digdir.Domain.Dialogporten.Domain", "src\Digdir.Domain.Dialogporten.Domain\Digdir.Domain.Dialogporten.Domain.csproj", "{6302BDB6-CECE-4F4B-A49D-14128392BC96}"
EndProject
Project("{9A19103F-16F7-4668-BE54-9A1E7A4F7556}") = "Digdir.Domain.Dialogporten.Infrastructure", "src\Digdir.Domain.Dialogporten.Infrastructure\Digdir.Domain.Dialogporten.Infrastructure.csproj", "{39722D85-71E3-4E4A-B9A3-9DFF1B660430}"
EndProject
Project("{9A19103F-16F7-4668-BE54-9A1E7A4F7556}") = "Digdir.Domain.Dialogporten.Application", "src\Digdir.Domain.Dialogporten.Application\Digdir.Domain.Dialogporten.Application.csproj", "{5336EACE-12F8-486A-BA1C-21281E74DC13}"
EndProject
Project("{9A19103F-16F7-4668-BE54-9A1E7A4F7556}") = "Digdir.Domain.Dialogporten.WebApi", "src\Digdir.Domain.Dialogporten.WebApi\Digdir.Domain.Dialogporten.WebApi.csproj", "{FB8D3B1D-5CE7-4E1D-91B2-C9F3F989B810}"
EndProject
Project("{2150E333-8FDC-42A3-9474-1A3956D46DE8}") = "Libraries", "Libraries", "{096E9B69-6783-4446-A895-0B6D7729A0D9}"
EndProject
Project("{2150E333-8FDC-42A3-9474-1A3956D46DE8}") = "Entity", "Entity", "{CC70CBB9-D57A-4095-8786-956012537B1C}"
EndProject
Project("{9A19103F-16F7-4668-BE54-9A1E7A4F7556}") = "Digdir.Library.Entity.EntityFrameworkCore", "src\Digdir.Library.Entity.EntityFrameworkCore\Digdir.Library.Entity.EntityFrameworkCore.csproj", "{0EE4AC8C-BDB9-474A-821D-23FB95CB54A7}"
EndProject
Project("{9A19103F-16F7-4668-BE54-9A1E7A4F7556}") = "Digdir.Library.Entity.Abstractions", "src\Digdir.Library.Entity.Abstractions\Digdir.Library.Entity.Abstractions.csproj", "{E7288616-9358-47C2-8650-EA019AB9D16F}"
EndProject
Project("{2150E333-8FDC-42A3-9474-1A3956D46DE8}") = "tests", "tests", "{CADB8189-4AA1-4732-844A-C41DBF3EC8B7}"
EndProject
Project("{9A19103F-16F7-4668-BE54-9A1E7A4F7556}") = "Digdir.Domain.Dialogporten.Infrastructure.Unit.Tests", "tests\Digdir.Domain.Dialogporten.Infrastructure.Unit.Tests\Digdir.Domain.Dialogporten.Infrastructure.Unit.Tests.csproj", "{38A843CE-EE54-4476-ADA1-D8084C3901A9}"
EndProject
Project("{2150E333-8FDC-42A3-9474-1A3956D46DE8}") = "Solution Items", "Solution Items", "{33E486B1-3279-4645-B536-AB640D560C45}"
	ProjectSection(SolutionItems) = preProject
		.editorconfig = .editorconfig
		Directory.Build.props = Directory.Build.props
		docker-compose.yml = docker-compose.yml
		README.md = README.md
	EndProjectSection
EndProject
Project("{9A19103F-16F7-4668-BE54-9A1E7A4F7556}") = "Digdir.Domain.Dialogporten.ChangeDataCapture", "src\Digdir.Domain.Dialogporten.ChangeDataCapture\Digdir.Domain.Dialogporten.ChangeDataCapture.csproj", "{9420D9DA-6C2F-4664-B361-FA5E2E1FB6EB}"
EndProject
Project("{9A19103F-16F7-4668-BE54-9A1E7A4F7556}") = "Digdir.Domain.Dialogporten.Service", "src\Digdir.Domain.Dialogporten.Service\Digdir.Domain.Dialogporten.Service.csproj", "{45A63837-99BC-469C-A2DE-FEE6975516C3}"
EndProject
Project("{9A19103F-16F7-4668-BE54-9A1E7A4F7556}") = "Digdir.Domain.Dialogporten.Application.Integration.Tests", "tests\Digdir.Domain.Dialogporten.Application.Integration.Tests\Digdir.Domain.Dialogporten.Application.Integration.Tests.csproj", "{A1CC5E4E-020C-4ABA-BD66-48819259BDB3}"
EndProject
Project("{9A19103F-16F7-4668-BE54-9A1E7A4F7556}") = "Digdir.Tool.Dialogporten.SlackNotifier", "src\Digdir.Tool.Dialogporten.SlackNotifier\Digdir.Tool.Dialogporten.SlackNotifier.csproj", "{4CB06F0D-598E-4D2E-B26F-ECC488F64A04}"
EndProject
Project("{2150E333-8FDC-42A3-9474-1A3956D46DE8}") = "Tools", "Tools", "{3C2C775D-F2D1-42A2-B53F-CC6D5FF59633}"
EndProject
Project("{FAE04EC0-301F-11D3-BF4B-00C04F79EFBC}") = "Digdir.Tool.Dialogporten.Benchmarks", "src\Digdir.Tool.Dialogporten.Benchmarks\Digdir.Tool.Dialogporten.Benchmarks.csproj", "{3ED713E8-6E38-4E0F-B9D9-11726FB9F427}"
EndProject
Project("{FAE04EC0-301F-11D3-BF4B-00C04F79EFBC}") = "Digdir.Tool.Dialogporten.GenerateFakeData", "src\Digdir.Tool.Dialogporten.GenerateFakeData\Digdir.Tool.Dialogporten.GenerateFakeData.csproj", "{0A905E16-4602-4607-A75B-B1F7CA21179C}"
EndProject
Project("{FAE04EC0-301F-11D3-BF4B-00C04F79EFBC}") = "Digdir.Domain.Dialogporten.Application.Unit.Tests", "tests\Digdir.Domain.Dialogporten.Application.Unit.Tests\Digdir.Domain.Dialogporten.Application.Unit.Tests.csproj", "{B6FE45A3-FB14-4528-9957-295AB2A00A46}"
EndProject
Project("{FAE04EC0-301F-11D3-BF4B-00C04F79EFBC}") = "Digdir.Tool.Dialogporten.Ed25519KeyPairGenerator", "src\Digdir.Tool.Dialogporten.Ed25519KeyPairGenerator\Digdir.Tool.Dialogporten.Ed25519KeyPairGenerator.csproj", "{030909AA-5B61-46B4-9B74-0D2D779478FF}"
EndProject
Project("{FAE04EC0-301F-11D3-BF4B-00C04F79EFBC}") = "Digdir.Domain.Dialogporten.WebApi.Integration.Tests", "tests\Digdir.Domain.Dialogporten.WebApi.Integration.Tests\Digdir.Domain.Dialogporten.WebApi.Integration.Tests.csproj", "{42004236-D45C-4A1F-9FF9-CF12B7388389}"
EndProject
Project("{FAE04EC0-301F-11D3-BF4B-00C04F79EFBC}") = "Digdir.Domain.Dialogporten.GraphQL", "src\Digdir.Domain.Dialogporten.GraphQL\Digdir.Domain.Dialogporten.GraphQL.csproj", "{234FE24D-1047-4E29-A625-1EB406C37A2D}"
EndProject
Project("{FAE04EC0-301F-11D3-BF4B-00C04F79EFBC}") = "Digdir.Domain.Dialogporten.GraphQl.Integration.Tests", "tests\Digdir.Domain.Dialogporten.GraphQl.Integration.Tests\Digdir.Domain.Dialogporten.GraphQl.Integration.Tests.csproj", "{1EF1AE42-17F1-4761-ACFE-DF8E8A9B9429}"
EndProject
Global
	GlobalSection(SolutionConfigurationPlatforms) = preSolution
		Debug|Any CPU = Debug|Any CPU
		Release|Any CPU = Release|Any CPU
	EndGlobalSection
	GlobalSection(ProjectConfigurationPlatforms) = postSolution
		{6302BDB6-CECE-4F4B-A49D-14128392BC96}.Debug|Any CPU.ActiveCfg = Debug|Any CPU
		{6302BDB6-CECE-4F4B-A49D-14128392BC96}.Debug|Any CPU.Build.0 = Debug|Any CPU
		{6302BDB6-CECE-4F4B-A49D-14128392BC96}.Release|Any CPU.ActiveCfg = Release|Any CPU
		{6302BDB6-CECE-4F4B-A49D-14128392BC96}.Release|Any CPU.Build.0 = Release|Any CPU
		{39722D85-71E3-4E4A-B9A3-9DFF1B660430}.Debug|Any CPU.ActiveCfg = Debug|Any CPU
		{39722D85-71E3-4E4A-B9A3-9DFF1B660430}.Debug|Any CPU.Build.0 = Debug|Any CPU
		{39722D85-71E3-4E4A-B9A3-9DFF1B660430}.Release|Any CPU.ActiveCfg = Release|Any CPU
		{39722D85-71E3-4E4A-B9A3-9DFF1B660430}.Release|Any CPU.Build.0 = Release|Any CPU
		{5336EACE-12F8-486A-BA1C-21281E74DC13}.Debug|Any CPU.ActiveCfg = Debug|Any CPU
		{5336EACE-12F8-486A-BA1C-21281E74DC13}.Debug|Any CPU.Build.0 = Debug|Any CPU
		{5336EACE-12F8-486A-BA1C-21281E74DC13}.Release|Any CPU.ActiveCfg = Release|Any CPU
		{5336EACE-12F8-486A-BA1C-21281E74DC13}.Release|Any CPU.Build.0 = Release|Any CPU
		{FB8D3B1D-5CE7-4E1D-91B2-C9F3F989B810}.Debug|Any CPU.ActiveCfg = Debug|Any CPU
		{FB8D3B1D-5CE7-4E1D-91B2-C9F3F989B810}.Debug|Any CPU.Build.0 = Debug|Any CPU
		{FB8D3B1D-5CE7-4E1D-91B2-C9F3F989B810}.Release|Any CPU.ActiveCfg = Release|Any CPU
		{FB8D3B1D-5CE7-4E1D-91B2-C9F3F989B810}.Release|Any CPU.Build.0 = Release|Any CPU
		{0EE4AC8C-BDB9-474A-821D-23FB95CB54A7}.Debug|Any CPU.ActiveCfg = Debug|Any CPU
		{0EE4AC8C-BDB9-474A-821D-23FB95CB54A7}.Debug|Any CPU.Build.0 = Debug|Any CPU
		{0EE4AC8C-BDB9-474A-821D-23FB95CB54A7}.Release|Any CPU.ActiveCfg = Release|Any CPU
		{0EE4AC8C-BDB9-474A-821D-23FB95CB54A7}.Release|Any CPU.Build.0 = Release|Any CPU
		{E7288616-9358-47C2-8650-EA019AB9D16F}.Debug|Any CPU.ActiveCfg = Debug|Any CPU
		{E7288616-9358-47C2-8650-EA019AB9D16F}.Debug|Any CPU.Build.0 = Debug|Any CPU
		{E7288616-9358-47C2-8650-EA019AB9D16F}.Release|Any CPU.ActiveCfg = Release|Any CPU
		{E7288616-9358-47C2-8650-EA019AB9D16F}.Release|Any CPU.Build.0 = Release|Any CPU
		{38A843CE-EE54-4476-ADA1-D8084C3901A9}.Debug|Any CPU.ActiveCfg = Debug|Any CPU
		{38A843CE-EE54-4476-ADA1-D8084C3901A9}.Debug|Any CPU.Build.0 = Debug|Any CPU
		{38A843CE-EE54-4476-ADA1-D8084C3901A9}.Release|Any CPU.ActiveCfg = Release|Any CPU
		{38A843CE-EE54-4476-ADA1-D8084C3901A9}.Release|Any CPU.Build.0 = Release|Any CPU
		{9420D9DA-6C2F-4664-B361-FA5E2E1FB6EB}.Debug|Any CPU.ActiveCfg = Debug|Any CPU
		{9420D9DA-6C2F-4664-B361-FA5E2E1FB6EB}.Debug|Any CPU.Build.0 = Debug|Any CPU
		{9420D9DA-6C2F-4664-B361-FA5E2E1FB6EB}.Release|Any CPU.ActiveCfg = Release|Any CPU
		{9420D9DA-6C2F-4664-B361-FA5E2E1FB6EB}.Release|Any CPU.Build.0 = Release|Any CPU
		{45A63837-99BC-469C-A2DE-FEE6975516C3}.Debug|Any CPU.ActiveCfg = Debug|Any CPU
		{45A63837-99BC-469C-A2DE-FEE6975516C3}.Debug|Any CPU.Build.0 = Debug|Any CPU
		{45A63837-99BC-469C-A2DE-FEE6975516C3}.Release|Any CPU.ActiveCfg = Release|Any CPU
		{45A63837-99BC-469C-A2DE-FEE6975516C3}.Release|Any CPU.Build.0 = Release|Any CPU
		{A1CC5E4E-020C-4ABA-BD66-48819259BDB3}.Debug|Any CPU.ActiveCfg = Debug|Any CPU
		{A1CC5E4E-020C-4ABA-BD66-48819259BDB3}.Debug|Any CPU.Build.0 = Debug|Any CPU
		{A1CC5E4E-020C-4ABA-BD66-48819259BDB3}.Release|Any CPU.ActiveCfg = Release|Any CPU
		{A1CC5E4E-020C-4ABA-BD66-48819259BDB3}.Release|Any CPU.Build.0 = Release|Any CPU
		{4CB06F0D-598E-4D2E-B26F-ECC488F64A04}.Debug|Any CPU.ActiveCfg = Debug|Any CPU
		{4CB06F0D-598E-4D2E-B26F-ECC488F64A04}.Debug|Any CPU.Build.0 = Debug|Any CPU
		{4CB06F0D-598E-4D2E-B26F-ECC488F64A04}.Release|Any CPU.ActiveCfg = Release|Any CPU
		{4CB06F0D-598E-4D2E-B26F-ECC488F64A04}.Release|Any CPU.Build.0 = Release|Any CPU
		{3ED713E8-6E38-4E0F-B9D9-11726FB9F427}.Debug|Any CPU.ActiveCfg = Debug|Any CPU
		{3ED713E8-6E38-4E0F-B9D9-11726FB9F427}.Debug|Any CPU.Build.0 = Debug|Any CPU
		{3ED713E8-6E38-4E0F-B9D9-11726FB9F427}.Release|Any CPU.ActiveCfg = Release|Any CPU
		{3ED713E8-6E38-4E0F-B9D9-11726FB9F427}.Release|Any CPU.Build.0 = Release|Any CPU
		{0A905E16-4602-4607-A75B-B1F7CA21179C}.Debug|Any CPU.ActiveCfg = Debug|Any CPU
		{0A905E16-4602-4607-A75B-B1F7CA21179C}.Debug|Any CPU.Build.0 = Debug|Any CPU
		{0A905E16-4602-4607-A75B-B1F7CA21179C}.Release|Any CPU.ActiveCfg = Release|Any CPU
		{0A905E16-4602-4607-A75B-B1F7CA21179C}.Release|Any CPU.Build.0 = Release|Any CPU
		{B6FE45A3-FB14-4528-9957-295AB2A00A46}.Debug|Any CPU.ActiveCfg = Debug|Any CPU
		{B6FE45A3-FB14-4528-9957-295AB2A00A46}.Debug|Any CPU.Build.0 = Debug|Any CPU
		{B6FE45A3-FB14-4528-9957-295AB2A00A46}.Release|Any CPU.ActiveCfg = Release|Any CPU
		{B6FE45A3-FB14-4528-9957-295AB2A00A46}.Release|Any CPU.Build.0 = Release|Any CPU
		{030909AA-5B61-46B4-9B74-0D2D779478FF}.Debug|Any CPU.ActiveCfg = Debug|Any CPU
		{030909AA-5B61-46B4-9B74-0D2D779478FF}.Debug|Any CPU.Build.0 = Debug|Any CPU
		{030909AA-5B61-46B4-9B74-0D2D779478FF}.Release|Any CPU.ActiveCfg = Release|Any CPU
		{030909AA-5B61-46B4-9B74-0D2D779478FF}.Release|Any CPU.Build.0 = Release|Any CPU
		{42004236-D45C-4A1F-9FF9-CF12B7388389}.Debug|Any CPU.ActiveCfg = Debug|Any CPU
		{42004236-D45C-4A1F-9FF9-CF12B7388389}.Debug|Any CPU.Build.0 = Debug|Any CPU
		{42004236-D45C-4A1F-9FF9-CF12B7388389}.Release|Any CPU.ActiveCfg = Release|Any CPU
		{42004236-D45C-4A1F-9FF9-CF12B7388389}.Release|Any CPU.Build.0 = Release|Any CPU
		{234FE24D-1047-4E29-A625-1EB406C37A2D}.Debug|Any CPU.ActiveCfg = Debug|Any CPU
		{234FE24D-1047-4E29-A625-1EB406C37A2D}.Debug|Any CPU.Build.0 = Debug|Any CPU
		{234FE24D-1047-4E29-A625-1EB406C37A2D}.Release|Any CPU.ActiveCfg = Release|Any CPU
		{234FE24D-1047-4E29-A625-1EB406C37A2D}.Release|Any CPU.Build.0 = Release|Any CPU
		{1EF1AE42-17F1-4761-ACFE-DF8E8A9B9429}.Debug|Any CPU.ActiveCfg = Debug|Any CPU
		{1EF1AE42-17F1-4761-ACFE-DF8E8A9B9429}.Debug|Any CPU.Build.0 = Debug|Any CPU
		{1EF1AE42-17F1-4761-ACFE-DF8E8A9B9429}.Release|Any CPU.ActiveCfg = Release|Any CPU
		{1EF1AE42-17F1-4761-ACFE-DF8E8A9B9429}.Release|Any CPU.Build.0 = Release|Any CPU
	EndGlobalSection
	GlobalSection(SolutionProperties) = preSolution
		HideSolutionNode = FALSE
	EndGlobalSection
	GlobalSection(NestedProjects) = preSolution
		{6302BDB6-CECE-4F4B-A49D-14128392BC96} = {320B47A0-5EB8-4B6E-8C84-90633A1849CA}
		{39722D85-71E3-4E4A-B9A3-9DFF1B660430} = {320B47A0-5EB8-4B6E-8C84-90633A1849CA}
		{5336EACE-12F8-486A-BA1C-21281E74DC13} = {320B47A0-5EB8-4B6E-8C84-90633A1849CA}
		{FB8D3B1D-5CE7-4E1D-91B2-C9F3F989B810} = {320B47A0-5EB8-4B6E-8C84-90633A1849CA}
		{096E9B69-6783-4446-A895-0B6D7729A0D9} = {320B47A0-5EB8-4B6E-8C84-90633A1849CA}
		{CC70CBB9-D57A-4095-8786-956012537B1C} = {096E9B69-6783-4446-A895-0B6D7729A0D9}
		{0EE4AC8C-BDB9-474A-821D-23FB95CB54A7} = {CC70CBB9-D57A-4095-8786-956012537B1C}
		{E7288616-9358-47C2-8650-EA019AB9D16F} = {CC70CBB9-D57A-4095-8786-956012537B1C}
		{38A843CE-EE54-4476-ADA1-D8084C3901A9} = {CADB8189-4AA1-4732-844A-C41DBF3EC8B7}
		{9420D9DA-6C2F-4664-B361-FA5E2E1FB6EB} = {320B47A0-5EB8-4B6E-8C84-90633A1849CA}
		{45A63837-99BC-469C-A2DE-FEE6975516C3} = {320B47A0-5EB8-4B6E-8C84-90633A1849CA}
		{A1CC5E4E-020C-4ABA-BD66-48819259BDB3} = {CADB8189-4AA1-4732-844A-C41DBF3EC8B7}
		{4CB06F0D-598E-4D2E-B26F-ECC488F64A04} = {3C2C775D-F2D1-42A2-B53F-CC6D5FF59633}
		{3C2C775D-F2D1-42A2-B53F-CC6D5FF59633} = {320B47A0-5EB8-4B6E-8C84-90633A1849CA}
		{3ED713E8-6E38-4E0F-B9D9-11726FB9F427} = {3C2C775D-F2D1-42A2-B53F-CC6D5FF59633}
		{0A905E16-4602-4607-A75B-B1F7CA21179C} = {3C2C775D-F2D1-42A2-B53F-CC6D5FF59633}
		{B6FE45A3-FB14-4528-9957-295AB2A00A46} = {CADB8189-4AA1-4732-844A-C41DBF3EC8B7}
		{030909AA-5B61-46B4-9B74-0D2D779478FF} = {3C2C775D-F2D1-42A2-B53F-CC6D5FF59633}
		{42004236-D45C-4A1F-9FF9-CF12B7388389} = {CADB8189-4AA1-4732-844A-C41DBF3EC8B7}
		{234FE24D-1047-4E29-A625-1EB406C37A2D} = {320B47A0-5EB8-4B6E-8C84-90633A1849CA}
		{1EF1AE42-17F1-4761-ACFE-DF8E8A9B9429} = {CADB8189-4AA1-4732-844A-C41DBF3EC8B7}
	EndGlobalSection
	GlobalSection(ExtensibilityGlobals) = postSolution
		SolutionGuid = {B2FE67FF-7622-4AFB-AD8E-961B6A39D888}
	EndGlobalSection
EndGlobal
